// !$*UTF8*$!
{
	archiveVersion = 1;
	classes = {
	};
	objectVersion = 56;
	objects = {

/* Begin PBXBuildFile section */
		8B2C137C2A8DFC7B00225785 /* FirebaseAuth in Frameworks */ = {isa = PBXBuildFile; productRef = 8B2C137B2A8DFC7B00225785 /* FirebaseAuth */; };
		8B2C137E2A8DFC7B00225785 /* FirebaseDatabase in Frameworks */ = {isa = PBXBuildFile; productRef = 8B2C137D2A8DFC7B00225785 /* FirebaseDatabase */; };
		8B2C13802A8DFC7B00225785 /* FirebaseFirestore in Frameworks */ = {isa = PBXBuildFile; productRef = 8B2C137F2A8DFC7B00225785 /* FirebaseFirestore */; };
		8B2C13822A8DFC7B00225785 /* FirebaseStorage in Frameworks */ = {isa = PBXBuildFile; productRef = 8B2C13812A8DFC7B00225785 /* FirebaseStorage */; };
		8B2C13862A8E471B00225785 /* Database.swift in Sources */ = {isa = PBXBuildFile; fileRef = 8B2C13852A8E471B00225785 /* Database.swift */; };
		8B53AAD72A8B4532006F1088 /* AppDelegate.swift in Sources */ = {isa = PBXBuildFile; fileRef = 8B53AAD62A8B4532006F1088 /* AppDelegate.swift */; };
		8B53AAD92A8B4532006F1088 /* SceneDelegate.swift in Sources */ = {isa = PBXBuildFile; fileRef = 8B53AAD82A8B4532006F1088 /* SceneDelegate.swift */; };
		8B53AADB2A8B4532006F1088 /* ConversationsViewController.swift in Sources */ = {isa = PBXBuildFile; fileRef = 8B53AADA2A8B4532006F1088 /* ConversationsViewController.swift */; };
		8B53AAE02A8B4534006F1088 /* Assets.xcassets in Resources */ = {isa = PBXBuildFile; fileRef = 8B53AADF2A8B4534006F1088 /* Assets.xcassets */; };
		8B53AAE32A8B4534006F1088 /* LaunchScreen.storyboard in Resources */ = {isa = PBXBuildFile; fileRef = 8B53AAE12A8B4534006F1088 /* LaunchScreen.storyboard */; };
		8B53AAF02A8B4890006F1088 /* LoginViewController.swift in Sources */ = {isa = PBXBuildFile; fileRef = 8B53AAEF2A8B4890006F1088 /* LoginViewController.swift */; };
		8B53AAF22A8B48A8006F1088 /* RegisterViewController.swift in Sources */ = {isa = PBXBuildFile; fileRef = 8B53AAF12A8B48A8006F1088 /* RegisterViewController.swift */; };
		8B53AAF42A8B48BF006F1088 /* PhotoViewerViewController.swift in Sources */ = {isa = PBXBuildFile; fileRef = 8B53AAF32A8B48BF006F1088 /* PhotoViewerViewController.swift */; };
		8B53AAF62A8B48CD006F1088 /* VideoPlayerViewController.swift in Sources */ = {isa = PBXBuildFile; fileRef = 8B53AAF52A8B48CD006F1088 /* VideoPlayerViewController.swift */; };
		8B53AAF82A8B492A006F1088 /* NewConversationViewController.swift in Sources */ = {isa = PBXBuildFile; fileRef = 8B53AAF72A8B492A006F1088 /* NewConversationViewController.swift */; };
		8B53AAFA2A8B493E006F1088 /* ProfileViewController.swift in Sources */ = {isa = PBXBuildFile; fileRef = 8B53AAF92A8B493E006F1088 /* ProfileViewController.swift */; };
		8B53AAFF2A8B5EBD006F1088 /* Extension.swift in Sources */ = {isa = PBXBuildFile; fileRef = 8B53AAFE2A8B5EBD006F1088 /* Extension.swift */; };
		8B53AB022A8B72C2006F1088 /* SnapKit in Frameworks */ = {isa = PBXBuildFile; productRef = 8B53AB012A8B72C2006F1088 /* SnapKit */; };
		8BE740F42A938511003727D9 /* GoogleService-Info.plist in Resources */ = {isa = PBXBuildFile; fileRef = 8BE740F32A938511003727D9 /* GoogleService-Info.plist */; };
/* End PBXBuildFile section */

/* Begin PBXFileReference section */
		8B2C13852A8E471B00225785 /* Database.swift */ = {isa = PBXFileReference; lastKnownFileType = sourcecode.swift; path = Database.swift; sourceTree = "<group>"; };
		8B53AAD32A8B4532006F1088 /* Messenger.app */ = {isa = PBXFileReference; explicitFileType = wrapper.application; includeInIndex = 0; path = Messenger.app; sourceTree = BUILT_PRODUCTS_DIR; };
		8B53AAD62A8B4532006F1088 /* AppDelegate.swift */ = {isa = PBXFileReference; lastKnownFileType = sourcecode.swift; path = AppDelegate.swift; sourceTree = "<group>"; };
		8B53AAD82A8B4532006F1088 /* SceneDelegate.swift */ = {isa = PBXFileReference; lastKnownFileType = sourcecode.swift; path = SceneDelegate.swift; sourceTree = "<group>"; };
		8B53AADA2A8B4532006F1088 /* ConversationsViewController.swift */ = {isa = PBXFileReference; lastKnownFileType = sourcecode.swift; path = ConversationsViewController.swift; sourceTree = "<group>"; };
		8B53AADF2A8B4534006F1088 /* Assets.xcassets */ = {isa = PBXFileReference; lastKnownFileType = folder.assetcatalog; path = Assets.xcassets; sourceTree = "<group>"; };
		8B53AAE22A8B4534006F1088 /* Base */ = {isa = PBXFileReference; lastKnownFileType = file.storyboard; name = Base; path = Base.lproj/LaunchScreen.storyboard; sourceTree = "<group>"; };
		8B53AAE42A8B4534006F1088 /* Info.plist */ = {isa = PBXFileReference; lastKnownFileType = text.plist.xml; path = Info.plist; sourceTree = "<group>"; };
		8B53AAEF2A8B4890006F1088 /* LoginViewController.swift */ = {isa = PBXFileReference; lastKnownFileType = sourcecode.swift; path = LoginViewController.swift; sourceTree = "<group>"; };
		8B53AAF12A8B48A8006F1088 /* RegisterViewController.swift */ = {isa = PBXFileReference; lastKnownFileType = sourcecode.swift; path = RegisterViewController.swift; sourceTree = "<group>"; };
		8B53AAF32A8B48BF006F1088 /* PhotoViewerViewController.swift */ = {isa = PBXFileReference; lastKnownFileType = sourcecode.swift; path = PhotoViewerViewController.swift; sourceTree = "<group>"; };
		8B53AAF52A8B48CD006F1088 /* VideoPlayerViewController.swift */ = {isa = PBXFileReference; lastKnownFileType = sourcecode.swift; path = VideoPlayerViewController.swift; sourceTree = "<group>"; };
		8B53AAF72A8B492A006F1088 /* NewConversationViewController.swift */ = {isa = PBXFileReference; lastKnownFileType = sourcecode.swift; path = NewConversationViewController.swift; sourceTree = "<group>"; };
		8B53AAF92A8B493E006F1088 /* ProfileViewController.swift */ = {isa = PBXFileReference; lastKnownFileType = sourcecode.swift; path = ProfileViewController.swift; sourceTree = "<group>"; };
		8B53AAFE2A8B5EBD006F1088 /* Extension.swift */ = {isa = PBXFileReference; lastKnownFileType = sourcecode.swift; path = Extension.swift; sourceTree = "<group>"; };
		8BE740F32A938511003727D9 /* GoogleService-Info.plist */ = {isa = PBXFileReference; fileEncoding = 4; lastKnownFileType = text.plist.xml; path = "GoogleService-Info.plist"; sourceTree = "<group>"; };
/* End PBXFileReference section */

/* Begin PBXFrameworksBuildPhase section */
		8B53AAD02A8B4532006F1088 /* Frameworks */ = {
			isa = PBXFrameworksBuildPhase;
			buildActionMask = 2147483647;
			files = (
				8B2C137E2A8DFC7B00225785 /* FirebaseDatabase in Frameworks */,
				8B2C13802A8DFC7B00225785 /* FirebaseFirestore in Frameworks */,
				8B53AB022A8B72C2006F1088 /* SnapKit in Frameworks */,
				8B2C13822A8DFC7B00225785 /* FirebaseStorage in Frameworks */,
				8B2C137C2A8DFC7B00225785 /* FirebaseAuth in Frameworks */,
			);
			runOnlyForDeploymentPostprocessing = 0;
		};
/* End PBXFrameworksBuildPhase section */

/* Begin PBXGroup section */
		8B53AACA2A8B4532006F1088 = {
			isa = PBXGroup;
			children = (
				8B53AAD52A8B4532006F1088 /* Messenger */,
				8B53AAD42A8B4532006F1088 /* Products */,
			);
			sourceTree = "<group>";
		};
		8B53AAD42A8B4532006F1088 /* Products */ = {
			isa = PBXGroup;
			children = (
				8B53AAD32A8B4532006F1088 /* Messenger.app */,
			);
			name = Products;
			sourceTree = "<group>";
		};
		8B53AAD52A8B4532006F1088 /* Messenger */ = {
			isa = PBXGroup;
			children = (
				8BE740F32A938511003727D9 /* GoogleService-Info.plist */,
				8B53AAFD2A8B5EAB006F1088 /* Helpers */,
				8B53AAEE2A8B458D006F1088 /* Resources */,
				8B53AAED2A8B4584006F1088 /* ViewModels */,
				8B53AAEC2A8B457C006F1088 /* Models */,
				8B53AAEB2A8B4573006F1088 /* Views */,
				8B53AAEA2A8B4566006F1088 /* Controllers */,
				8B53AADF2A8B4534006F1088 /* Assets.xcassets */,
				8B53AAE12A8B4534006F1088 /* LaunchScreen.storyboard */,
				8B53AAE42A8B4534006F1088 /* Info.plist */,
			);
			path = Messenger;
			sourceTree = "<group>";
		};
		8B53AAEA2A8B4566006F1088 /* Controllers */ = {
			isa = PBXGroup;
			children = (
				8B53AADA2A8B4532006F1088 /* ConversationsViewController.swift */,
				8B53AAFC2A8B54B1006F1088 /* Login */,
				8B53AAF32A8B48BF006F1088 /* PhotoViewerViewController.swift */,
				8B53AAF52A8B48CD006F1088 /* VideoPlayerViewController.swift */,
				8B53AAF72A8B492A006F1088 /* NewConversationViewController.swift */,
				8B53AAF92A8B493E006F1088 /* ProfileViewController.swift */,
			);
			path = Controllers;
			sourceTree = "<group>";
		};
		8B53AAEB2A8B4573006F1088 /* Views */ = {
			isa = PBXGroup;
			children = (
			);
			path = Views;
			sourceTree = "<group>";
		};
		8B53AAEC2A8B457C006F1088 /* Models */ = {
			isa = PBXGroup;
			children = (
			);
			path = Models;
			sourceTree = "<group>";
		};
		8B53AAED2A8B4584006F1088 /* ViewModels */ = {
			isa = PBXGroup;
			children = (
			);
			path = ViewModels;
			sourceTree = "<group>";
		};
		8B53AAEE2A8B458D006F1088 /* Resources */ = {
			isa = PBXGroup;
			children = (
				8B53AAD62A8B4532006F1088 /* AppDelegate.swift */,
				8B53AAD82A8B4532006F1088 /* SceneDelegate.swift */,
				8B2C13852A8E471B00225785 /* Database.swift */,
			);
			path = Resources;
			sourceTree = "<group>";
		};
		8B53AAFC2A8B54B1006F1088 /* Login */ = {
			isa = PBXGroup;
			children = (
				8B53AAEF2A8B4890006F1088 /* LoginViewController.swift */,
				8B53AAF12A8B48A8006F1088 /* RegisterViewController.swift */,
			);
			path = Login;
			sourceTree = "<group>";
		};
		8B53AAFD2A8B5EAB006F1088 /* Helpers */ = {
			isa = PBXGroup;
			children = (
				8B53AAFE2A8B5EBD006F1088 /* Extension.swift */,
			);
			path = Helpers;
			sourceTree = "<group>";
		};
/* End PBXGroup section */

/* Begin PBXNativeTarget section */
		8B53AAD22A8B4532006F1088 /* Messenger */ = {
			isa = PBXNativeTarget;
			buildConfigurationList = 8B53AAE72A8B4534006F1088 /* Build configuration list for PBXNativeTarget "Messenger" */;
			buildPhases = (
				8B53AACF2A8B4532006F1088 /* Sources */,
				8B53AAD02A8B4532006F1088 /* Frameworks */,
				8B53AAD12A8B4532006F1088 /* Resources */,
			);
			buildRules = (
			);
			dependencies = (
			);
			name = Messenger;
			packageProductDependencies = (
				8B53AB012A8B72C2006F1088 /* SnapKit */,
				8B2C137B2A8DFC7B00225785 /* FirebaseAuth */,
				8B2C137D2A8DFC7B00225785 /* FirebaseDatabase */,
				8B2C137F2A8DFC7B00225785 /* FirebaseFirestore */,
				8B2C13812A8DFC7B00225785 /* FirebaseStorage */,
			);
			productName = Messenger;
			productReference = 8B53AAD32A8B4532006F1088 /* Messenger.app */;
			productType = "com.apple.product-type.application";
		};
/* End PBXNativeTarget section */

/* Begin PBXProject section */
		8B53AACB2A8B4532006F1088 /* Project object */ = {
			isa = PBXProject;
			attributes = {
				BuildIndependentTargetsInParallel = 1;
				LastSwiftUpdateCheck = 1430;
				LastUpgradeCheck = 1430;
				TargetAttributes = {
					8B53AAD22A8B4532006F1088 = {
						CreatedOnToolsVersion = 14.3.1;
					};
				};
			};
			buildConfigurationList = 8B53AACE2A8B4532006F1088 /* Build configuration list for PBXProject "Messenger" */;
			compatibilityVersion = "Xcode 14.0";
			developmentRegion = en;
			hasScannedForEncodings = 0;
			knownRegions = (
				en,
				Base,
			);
			mainGroup = 8B53AACA2A8B4532006F1088;
			packageReferences = (
				8B53AB002A8B72C2006F1088 /* XCRemoteSwiftPackageReference "SnapKit" */,
				8B2C137A2A8DFC7B00225785 /* XCRemoteSwiftPackageReference "firebase-ios-sdk" */,
			);
			productRefGroup = 8B53AAD42A8B4532006F1088 /* Products */;
			projectDirPath = "";
			projectRoot = "";
			targets = (
				8B53AAD22A8B4532006F1088 /* Messenger */,
			);
		};
/* End PBXProject section */

/* Begin PBXResourcesBuildPhase section */
		8B53AAD12A8B4532006F1088 /* Resources */ = {
			isa = PBXResourcesBuildPhase;
			buildActionMask = 2147483647;
			files = (
				8B53AAE32A8B4534006F1088 /* LaunchScreen.storyboard in Resources */,
				8B53AAE02A8B4534006F1088 /* Assets.xcassets in Resources */,
				8BE740F42A938511003727D9 /* GoogleService-Info.plist in Resources */,
			);
			runOnlyForDeploymentPostprocessing = 0;
		};
/* End PBXResourcesBuildPhase section */

/* Begin PBXSourcesBuildPhase section */
		8B53AACF2A8B4532006F1088 /* Sources */ = {
			isa = PBXSourcesBuildPhase;
			buildActionMask = 2147483647;
			files = (
				8B53AAF02A8B4890006F1088 /* LoginViewController.swift in Sources */,
				8B2C13862A8E471B00225785 /* Database.swift in Sources */,
				8B53AAF22A8B48A8006F1088 /* RegisterViewController.swift in Sources */,
				8B53AAF82A8B492A006F1088 /* NewConversationViewController.swift in Sources */,
				8B53AADB2A8B4532006F1088 /* ConversationsViewController.swift in Sources */,
				8B53AAF62A8B48CD006F1088 /* VideoPlayerViewController.swift in Sources */,
				8B53AAFF2A8B5EBD006F1088 /* Extension.swift in Sources */,
				8B53AAD72A8B4532006F1088 /* AppDelegate.swift in Sources */,
				8B53AAFA2A8B493E006F1088 /* ProfileViewController.swift in Sources */,
				8B53AAD92A8B4532006F1088 /* SceneDelegate.swift in Sources */,
				8B53AAF42A8B48BF006F1088 /* PhotoViewerViewController.swift in Sources */,
			);
			runOnlyForDeploymentPostprocessing = 0;
		};
/* End PBXSourcesBuildPhase section */

/* Begin PBXVariantGroup section */
		8B53AAE12A8B4534006F1088 /* LaunchScreen.storyboard */ = {
			isa = PBXVariantGroup;
			children = (
				8B53AAE22A8B4534006F1088 /* Base */,
			);
			name = LaunchScreen.storyboard;
			sourceTree = "<group>";
		};
/* End PBXVariantGroup section */

/* Begin XCBuildConfiguration section */
		8B53AAE52A8B4534006F1088 /* Debug */ = {
			isa = XCBuildConfiguration;
			buildSettings = {
				ALWAYS_SEARCH_USER_PATHS = NO;
				CLANG_ANALYZER_NONNULL = YES;
				CLANG_ANALYZER_NUMBER_OBJECT_CONVERSION = YES_AGGRESSIVE;
				CLANG_CXX_LANGUAGE_STANDARD = "gnu++20";
				CLANG_ENABLE_MODULES = YES;
				CLANG_ENABLE_OBJC_ARC = YES;
				CLANG_ENABLE_OBJC_WEAK = YES;
				CLANG_WARN_BLOCK_CAPTURE_AUTORELEASING = YES;
				CLANG_WARN_BOOL_CONVERSION = YES;
				CLANG_WARN_COMMA = YES;
				CLANG_WARN_CONSTANT_CONVERSION = YES;
				CLANG_WARN_DEPRECATED_OBJC_IMPLEMENTATIONS = YES;
				CLANG_WARN_DIRECT_OBJC_ISA_USAGE = YES_ERROR;
				CLANG_WARN_DOCUMENTATION_COMMENTS = YES;
				CLANG_WARN_EMPTY_BODY = YES;
				CLANG_WARN_ENUM_CONVERSION = YES;
				CLANG_WARN_INFINITE_RECURSION = YES;
				CLANG_WARN_INT_CONVERSION = YES;
				CLANG_WARN_NON_LITERAL_NULL_CONVERSION = YES;
				CLANG_WARN_OBJC_IMPLICIT_RETAIN_SELF = YES;
				CLANG_WARN_OBJC_LITERAL_CONVERSION = YES;
				CLANG_WARN_OBJC_ROOT_CLASS = YES_ERROR;
				CLANG_WARN_QUOTED_INCLUDE_IN_FRAMEWORK_HEADER = YES;
				CLANG_WARN_RANGE_LOOP_ANALYSIS = YES;
				CLANG_WARN_STRICT_PROTOTYPES = YES;
				CLANG_WARN_SUSPICIOUS_MOVE = YES;
				CLANG_WARN_UNGUARDED_AVAILABILITY = YES_AGGRESSIVE;
				CLANG_WARN_UNREACHABLE_CODE = YES;
				CLANG_WARN__DUPLICATE_METHOD_MATCH = YES;
				COPY_PHASE_STRIP = NO;
				DEBUG_INFORMATION_FORMAT = dwarf;
				ENABLE_STRICT_OBJC_MSGSEND = YES;
				ENABLE_TESTABILITY = YES;
				GCC_C_LANGUAGE_STANDARD = gnu11;
				GCC_DYNAMIC_NO_PIC = NO;
				GCC_NO_COMMON_BLOCKS = YES;
				GCC_OPTIMIZATION_LEVEL = 0;
				GCC_PREPROCESSOR_DEFINITIONS = (
					"DEBUG=1",
					"$(inherited)",
				);
				GCC_WARN_64_TO_32_BIT_CONVERSION = YES;
				GCC_WARN_ABOUT_RETURN_TYPE = YES_ERROR;
				GCC_WARN_UNDECLARED_SELECTOR = YES;
				GCC_WARN_UNINITIALIZED_AUTOS = YES_AGGRESSIVE;
				GCC_WARN_UNUSED_FUNCTION = YES;
				GCC_WARN_UNUSED_VARIABLE = YES;
				IPHONEOS_DEPLOYMENT_TARGET = 16.4;
				MTL_ENABLE_DEBUG_INFO = INCLUDE_SOURCE;
				MTL_FAST_MATH = YES;
				ONLY_ACTIVE_ARCH = YES;
				SDKROOT = iphoneos;
				SWIFT_ACTIVE_COMPILATION_CONDITIONS = DEBUG;
				SWIFT_OPTIMIZATION_LEVEL = "-Onone";
			};
			name = Debug;
		};
		8B53AAE62A8B4534006F1088 /* Release */ = {
			isa = XCBuildConfiguration;
			buildSettings = {
				ALWAYS_SEARCH_USER_PATHS = NO;
				CLANG_ANALYZER_NONNULL = YES;
				CLANG_ANALYZER_NUMBER_OBJECT_CONVERSION = YES_AGGRESSIVE;
				CLANG_CXX_LANGUAGE_STANDARD = "gnu++20";
				CLANG_ENABLE_MODULES = YES;
				CLANG_ENABLE_OBJC_ARC = YES;
				CLANG_ENABLE_OBJC_WEAK = YES;
				CLANG_WARN_BLOCK_CAPTURE_AUTORELEASING = YES;
				CLANG_WARN_BOOL_CONVERSION = YES;
				CLANG_WARN_COMMA = YES;
				CLANG_WARN_CONSTANT_CONVERSION = YES;
				CLANG_WARN_DEPRECATED_OBJC_IMPLEMENTATIONS = YES;
				CLANG_WARN_DIRECT_OBJC_ISA_USAGE = YES_ERROR;
				CLANG_WARN_DOCUMENTATION_COMMENTS = YES;
				CLANG_WARN_EMPTY_BODY = YES;
				CLANG_WARN_ENUM_CONVERSION = YES;
				CLANG_WARN_INFINITE_RECURSION = YES;
				CLANG_WARN_INT_CONVERSION = YES;
				CLANG_WARN_NON_LITERAL_NULL_CONVERSION = YES;
				CLANG_WARN_OBJC_IMPLICIT_RETAIN_SELF = YES;
				CLANG_WARN_OBJC_LITERAL_CONVERSION = YES;
				CLANG_WARN_OBJC_ROOT_CLASS = YES_ERROR;
				CLANG_WARN_QUOTED_INCLUDE_IN_FRAMEWORK_HEADER = YES;
				CLANG_WARN_RANGE_LOOP_ANALYSIS = YES;
				CLANG_WARN_STRICT_PROTOTYPES = YES;
				CLANG_WARN_SUSPICIOUS_MOVE = YES;
				CLANG_WARN_UNGUARDED_AVAILABILITY = YES_AGGRESSIVE;
				CLANG_WARN_UNREACHABLE_CODE = YES;
				CLANG_WARN__DUPLICATE_METHOD_MATCH = YES;
				COPY_PHASE_STRIP = NO;
				DEBUG_INFORMATION_FORMAT = "dwarf-with-dsym";
				ENABLE_NS_ASSERTIONS = NO;
				ENABLE_STRICT_OBJC_MSGSEND = YES;
				GCC_C_LANGUAGE_STANDARD = gnu11;
				GCC_NO_COMMON_BLOCKS = YES;
				GCC_WARN_64_TO_32_BIT_CONVERSION = YES;
				GCC_WARN_ABOUT_RETURN_TYPE = YES_ERROR;
				GCC_WARN_UNDECLARED_SELECTOR = YES;
				GCC_WARN_UNINITIALIZED_AUTOS = YES_AGGRESSIVE;
				GCC_WARN_UNUSED_FUNCTION = YES;
				GCC_WARN_UNUSED_VARIABLE = YES;
				IPHONEOS_DEPLOYMENT_TARGET = 16.4;
				MTL_ENABLE_DEBUG_INFO = NO;
				MTL_FAST_MATH = YES;
				SDKROOT = iphoneos;
				SWIFT_COMPILATION_MODE = wholemodule;
				SWIFT_OPTIMIZATION_LEVEL = "-O";
				VALIDATE_PRODUCT = YES;
			};
			name = Release;
		};
		8B53AAE82A8B4534006F1088 /* Debug */ = {
			isa = XCBuildConfiguration;
			buildSettings = {
				ASSETCATALOG_COMPILER_APPICON_NAME = AppIcon;
				ASSETCATALOG_COMPILER_GLOBAL_ACCENT_COLOR_NAME = AccentColor;
				CODE_SIGN_STYLE = Automatic;
				CURRENT_PROJECT_VERSION = 1;
				DEVELOPMENT_TEAM = G72V592BC6;
				GENERATE_INFOPLIST_FILE = YES;
				INFOPLIST_FILE = Messenger/Info.plist;
				INFOPLIST_KEY_NSCameraUsageDescription = "Please allow to take a profile picture";
				INFOPLIST_KEY_NSPhotoLibraryAddUsageDescription = "Please allow to access to select a photo for your profile";
				INFOPLIST_KEY_UIApplicationSupportsIndirectInputEvents = YES;
				INFOPLIST_KEY_UILaunchStoryboardName = LaunchScreen;
				INFOPLIST_KEY_UISupportedInterfaceOrientations = "UIInterfaceOrientationLandscapeLeft UIInterfaceOrientationLandscapeRight UIInterfaceOrientationPortrait UIInterfaceOrientationPortraitUpsideDown";
				INFOPLIST_KEY_UISupportedInterfaceOrientations_iPad = UIInterfaceOrientationPortrait;
				IPHONEOS_DEPLOYMENT_TARGET = 15.0;
				LD_RUNPATH_SEARCH_PATHS = (
					"$(inherited)",
					"@executable_path/Frameworks",
				);
				MARKETING_VERSION = 1.0;
				PRODUCT_BUNDLE_IDENTIFIER = com.mertaltay.Messenger;
				PRODUCT_NAME = "$(TARGET_NAME)";
				SWIFT_EMIT_LOC_STRINGS = YES;
				SWIFT_VERSION = 5.0;
				TARGETED_DEVICE_FAMILY = "1,2";
			};
			name = Debug;
		};
		8B53AAE92A8B4534006F1088 /* Release */ = {
			isa = XCBuildConfiguration;
			buildSettings = {
				ASSETCATALOG_COMPILER_APPICON_NAME = AppIcon;
				ASSETCATALOG_COMPILER_GLOBAL_ACCENT_COLOR_NAME = AccentColor;
				CODE_SIGN_STYLE = Automatic;
				CURRENT_PROJECT_VERSION = 1;
				DEVELOPMENT_TEAM = G72V592BC6;
				GENERATE_INFOPLIST_FILE = YES;
				INFOPLIST_FILE = Messenger/Info.plist;
				INFOPLIST_KEY_NSCameraUsageDescription = "Please allow to take a profile picture";
				INFOPLIST_KEY_NSPhotoLibraryAddUsageDescription = "Please allow to access to select a photo for your profile";
				INFOPLIST_KEY_UIApplicationSupportsIndirectInputEvents = YES;
				INFOPLIST_KEY_UILaunchStoryboardName = LaunchScreen;
				INFOPLIST_KEY_UISupportedInterfaceOrientations = "UIInterfaceOrientationLandscapeLeft UIInterfaceOrientationLandscapeRight UIInterfaceOrientationPortrait UIInterfaceOrientationPortraitUpsideDown";
				INFOPLIST_KEY_UISupportedInterfaceOrientations_iPad = UIInterfaceOrientationPortrait;
				IPHONEOS_DEPLOYMENT_TARGET = 15.0;
				LD_RUNPATH_SEARCH_PATHS = (
					"$(inherited)",
					"@executable_path/Frameworks",
				);
				MARKETING_VERSION = 1.0;
				PRODUCT_BUNDLE_IDENTIFIER = com.mertaltay.Messenger;
				PRODUCT_NAME = "$(TARGET_NAME)";
				SWIFT_EMIT_LOC_STRINGS = YES;
				SWIFT_VERSION = 5.0;
				TARGETED_DEVICE_FAMILY = "1,2";
			};
			name = Release;
		};
/* End XCBuildConfiguration section */

/* Begin XCConfigurationList section */
		8B53AACE2A8B4532006F1088 /* Build configuration list for PBXProject "Messenger" */ = {
			isa = XCConfigurationList;
			buildConfigurations = (
				8B53AAE52A8B4534006F1088 /* Debug */,
				8B53AAE62A8B4534006F1088 /* Release */,
			);
			defaultConfigurationIsVisible = 0;
			defaultConfigurationName = Release;
		};
		8B53AAE72A8B4534006F1088 /* Build configuration list for PBXNativeTarget "Messenger" */ = {
			isa = XCConfigurationList;
			buildConfigurations = (
				8B53AAE82A8B4534006F1088 /* Debug */,
				8B53AAE92A8B4534006F1088 /* Release */,
			);
			defaultConfigurationIsVisible = 0;
			defaultConfigurationName = Release;
		};
/* End XCConfigurationList section */

/* Begin XCRemoteSwiftPackageReference section */
		8B2C137A2A8DFC7B00225785 /* XCRemoteSwiftPackageReference "firebase-ios-sdk" */ = {
			isa = XCRemoteSwiftPackageReference;
			repositoryURL = "https://github.com/firebase/firebase-ios-sdk";
			requirement = {
				kind = upToNextMajorVersion;
				minimumVersion = 10.0.0;
			};
		};
		8B53AB002A8B72C2006F1088 /* XCRemoteSwiftPackageReference "SnapKit" */ = {
			isa = XCRemoteSwiftPackageReference;
			repositoryURL = "https://github.com/SnapKit/SnapKit.git";
			requirement = {
				kind = upToNextMajorVersion;
				minimumVersion = 5.0.0;
			};
		};
/* End XCRemoteSwiftPackageReference section */

/* Begin XCSwiftPackageProductDependency section */
		8B2C137B2A8DFC7B00225785 /* FirebaseAuth */ = {
			isa = XCSwiftPackageProductDependency;
			package = 8B2C137A2A8DFC7B00225785 /* XCRemoteSwiftPackageReference "firebase-ios-sdk" */;
			productName = FirebaseAuth;
		};
		8B2C137D2A8DFC7B00225785 /* FirebaseDatabase */ = {
			isa = XCSwiftPackageProductDependency;
			package = 8B2C137A2A8DFC7B00225785 /* XCRemoteSwiftPackageReference "firebase-ios-sdk" */;
			productName = FirebaseDatabase;
		};
		8B2C137F2A8DFC7B00225785 /* FirebaseFirestore */ = {
			isa = XCSwiftPackageProductDependency;
			package = 8B2C137A2A8DFC7B00225785 /* XCRemoteSwiftPackageReference "firebase-ios-sdk" */;
			productName = FirebaseFirestore;
		};
		8B2C13812A8DFC7B00225785 /* FirebaseStorage */ = {
			isa = XCSwiftPackageProductDependency;
			package = 8B2C137A2A8DFC7B00225785 /* XCRemoteSwiftPackageReference "firebase-ios-sdk" */;
			productName = FirebaseStorage;
		};
		8B53AB012A8B72C2006F1088 /* SnapKit */ = {
			isa = XCSwiftPackageProductDependency;
			package = 8B53AB002A8B72C2006F1088 /* XCRemoteSwiftPackageReference "SnapKit" */;
			productName = SnapKit;
		};
/* End XCSwiftPackageProductDependency section */
	};
	rootObject = 8B53AACB2A8B4532006F1088 /* Project object */;
}
